PODS:
  - AlipaySDK-iOS (15.5.9)
  - TencentOpenApiSDK (2.9.5):
    - TencentOpenApiSDK/Basic (= 2.9.5)
  - TencentOpenApiSDK/Basic (2.9.5)
  - UMCAnalytics (5.5.2):
    - UMCCommon
  - UMCCommon (1.5.3)
  - UMCPush (3.2.3):
    - UMCCommon
  - UMCShare/Core (6.9.5):
    - UMCCommon
  - UMCShare/Social/AlipayShare (6.9.5):
    - UMCCommon
    - UMCShare/Core
  - UMCShare/Social/ReducedQQ (6.9.5):
    - UMCCommon
    - UMCShare/Core
  - UMCShare/Social/ReducedSina (6.9.5):
    - UMCCommon
    - UMCShare/Core
  - UMCShare/Social/ReducedWeChat (6.9.5):
    - UMCCommon
    - UMCShare/Core
  - WechatOpenSDK (1.8.3)
  - XVIEWUmengManager (0.1.4):
    - UMCCommon (~> 1.5.3)
    - XVIEWUmengManager/Share (= 0.1.4)
    - XVIEWUmengManager/XVIEWAnalyzeManager (= 0.1.4)
    - XVIEWUmengManager/XVIEWPushManager (= 0.1.4)
  - XVIEWUmengManager/Share (0.1.4):
    - UMCCommon (~> 1.5.3)
    - XVIEWUmengManager/Share/XVIEWAliManager (= 0.1.4)
    - XVIEWUmengManager/Share/XVIEWTencentManager (= 0.1.4)
    - XVIEWUmengManager/Share/XVIEWWeChatManager (= 0.1.4)
    - XVIEWUmengManager/Share/XVIEWWeiboManager (= 0.1.4)
  - XVIEWUmengManager/Share/XVIEWAliManager (0.1.4):
    - AlipaySDK-iOS
    - UMCCommon (~> 1.5.3)
    - UMCShare/Social/AlipayShare
  - XVIEWUmengManager/Share/XVIEWTencentManager (0.1.4):
    - TencentOpenApiSDK (~> 2.9.5)
    - UMCCommon (~> 1.5.3)
    - UMCShare/Social/ReducedQQ
  - XVIEWUmengManager/Share/XVIEWWeChatManager (0.1.4):
    - UMCCommon (~> 1.5.3)
    - UMCShare/Social/ReducedWeChat
    - WechatOpenSDK (~> 1.8.3)
  - XVIEWUmengManager/Share/XVIEWWeiboManager (0.1.4):
    - UMCCommon (~> 1.5.3)
    - UMCShare/Social/ReducedSina
  - XVIEWUmengManager/XVIEWAnalyzeManager (0.1.4):
    - UMCAnalytics (~> 5.5.2)
    - UMCCommon (~> 1.5.3)
  - XVIEWUmengManager/XVIEWPushManager (0.1.4):
    - UMCCommon (~> 1.5.3)
    - UMCPush (~> 3.2.3)

DEPENDENCIES:
  - XVIEWUmengManager (from `../`)

SPEC REPOS:
  https://github.com/cocoapods/specs.git:
    - AlipaySDK-iOS
    - TencentOpenApiSDK
    - UMCAnalytics
    - UMCCommon
    - UMCPush
    - UMCShare
    - WechatOpenSDK

EXTERNAL SOURCES:
  XVIEWUmengManager:
    :path: "../"

SPEC CHECKSUMS:
  AlipaySDK-iOS: 1c5283b30977a24acecc0114662697f7dc78f618
  TencentOpenApiSDK: a0d7716edd6eb438d65828168e8e5137301b436d
  UMCAnalytics: 6654fd3c8201ff6da5c86a3ae29cd5c8436d3b7b
  UMCCommon: 016af43c0f769feb1ae1861d65aaf2b23b89c9c7
  UMCPush: 628b5c61be5a5036cb31eb9b3a3ab8dce7521691
  UMCShare: 552b29753f1b4da87b51d96545ed19e6263df397
  WechatOpenSDK: 3117412f8aafde4758cac1e8d20b93c67cafcfef
  XVIEWUmengManager: b9653586e8706ef4247f9c795c1fd52399b89923

PODFILE CHECKSUM: 53c78bf7167b778174bd67746adcdc0a9c504be0

COCOAPODS: 1.5.3
